PODS:
  - Alamofire (4.0.1)
  - KeychainSwift (6.0.2)

DEPENDENCIES:
  - Alamofire (~> 4.0)
  - KeychainSwift (~> 6.0)

SPEC CHECKSUMS:
  Alamofire: 7682d43245de14874acd142ec137b144aa1dd335
  KeychainSwift: a261364334000afa8fab0894390d5d00dd226d4c

PODFILE CHECKSUM: 7c15753510a1ec6155a517f173f0292b1376d8d1

COCOAPODS: 1.1.0.rc.2
