PODS:
  - Alamofire (3.4.0)
  - KeychainSwift (3.0.16)

DEPENDENCIES:
  - Alamofire (~> 3.4)
  - KeychainSwift (~> 3.0)

SPEC CHECKSUMS:
  Alamofire: c19a627cefd6a95f840401c49ab1f124e07f54ee
  KeychainSwift: a5bb85cd498ce2217b55e055ec59e9268d83384c

PODFILE CHECKSUM: 39d85e647937cf1a0ff622c8fb5ca0b91537d628

COCOAPODS: 1.0.0
